// !$*UTF8*$!
{
	archiveVersion = 1;
	classes = {
	};
	objectVersion = 50;
	objects = {

/* Begin PBXBuildFile section */
		3C9BA0E822C5C57600593F7C /* AppDelegate.swift in Sources */ = {isa = PBXBuildFile; fileRef = 3C9BA0E722C5C57600593F7C /* AppDelegate.swift */; };
		3C9BA0EA22C5C57600593F7C /* ChecklistViewController.swift in Sources */ = {isa = PBXBuildFile; fileRef = 3C9BA0E922C5C57600593F7C /* ChecklistViewController.swift */; };
		3C9BA0ED22C5C57600593F7C /* Main.storyboard in Resources */ = {isa = PBXBuildFile; fileRef = 3C9BA0EB22C5C57600593F7C /* Main.storyboard */; };
		3C9BA0EF22C5C57700593F7C /* Assets.xcassets in Resources */ = {isa = PBXBuildFile; fileRef = 3C9BA0EE22C5C57700593F7C /* Assets.xcassets */; };
		3C9BA0F222C5C57700593F7C /* LaunchScreen.storyboard in Resources */ = {isa = PBXBuildFile; fileRef = 3C9BA0F022C5C57700593F7C /* LaunchScreen.storyboard */; };
		3CAF05A322E0FCF000ADD766 /* CheckListTableViewCell.swift in Sources */ = {isa = PBXBuildFile; fileRef = 3CAF05A222E0FCF000ADD766 /* CheckListTableViewCell.swift */; };
		3CAFF73222D8F94600AF1422 /* Checklistitem.swift in Sources */ = {isa = PBXBuildFile; fileRef = 3CAFF73122D8F94600AF1422 /* Checklistitem.swift */; };
		3CAFF73422D903BC00AF1422 /* TodoList.swift in Sources */ = {isa = PBXBuildFile; fileRef = 3CAFF73322D903BC00AF1422 /* TodoList.swift */; };
		3CAFF73622DD49DA00AF1422 /* ItemDetailViewController.swift in Sources */ = {isa = PBXBuildFile; fileRef = 3CAFF73522DD49DA00AF1422 /* ItemDetailViewController.swift */; };
/* End PBXBuildFile section */

/* Begin PBXFileReference section */
		3C9BA0E422C5C57600593F7C /* Checklist.app */ = {isa = PBXFileReference; explicitFileType = wrapper.application; includeInIndex = 0; path = Checklist.app; sourceTree = BUILT_PRODUCTS_DIR; };
		3C9BA0E722C5C57600593F7C /* AppDelegate.swift */ = {isa = PBXFileReference; lastKnownFileType = sourcecode.swift; path = AppDelegate.swift; sourceTree = "<group>"; };
		3C9BA0E922C5C57600593F7C /* ChecklistViewController.swift */ = {isa = PBXFileReference; lastKnownFileType = sourcecode.swift; path = ChecklistViewController.swift; sourceTree = "<group>"; };
		3C9BA0EC22C5C57600593F7C /* Base */ = {isa = PBXFileReference; lastKnownFileType = file.storyboard; name = Base; path = Base.lproj/Main.storyboard; sourceTree = "<group>"; };
		3C9BA0EE22C5C57700593F7C /* Assets.xcassets */ = {isa = PBXFileReference; lastKnownFileType = folder.assetcatalog; path = Assets.xcassets; sourceTree = "<group>"; };
		3C9BA0F122C5C57700593F7C /* Base */ = {isa = PBXFileReference; lastKnownFileType = file.storyboard; name = Base; path = Base.lproj/LaunchScreen.storyboard; sourceTree = "<group>"; };
		3C9BA0F322C5C57700593F7C /* Info.plist */ = {isa = PBXFileReference; lastKnownFileType = text.plist.xml; path = Info.plist; sourceTree = "<group>"; };
		3CAF05A222E0FCF000ADD766 /* CheckListTableViewCell.swift */ = {isa = PBXFileReference; lastKnownFileType = sourcecode.swift; path = CheckListTableViewCell.swift; sourceTree = "<group>"; };
		3CAFF73122D8F94600AF1422 /* Checklistitem.swift */ = {isa = PBXFileReference; lastKnownFileType = sourcecode.swift; path = Checklistitem.swift; sourceTree = "<group>"; };
		3CAFF73322D903BC00AF1422 /* TodoList.swift */ = {isa = PBXFileReference; lastKnownFileType = sourcecode.swift; path = TodoList.swift; sourceTree = "<group>"; };
		3CAFF73522DD49DA00AF1422 /* ItemDetailViewController.swift */ = {isa = PBXFileReference; lastKnownFileType = sourcecode.swift; path = ItemDetailViewController.swift; sourceTree = "<group>"; };
/* End PBXFileReference section */

/* Begin PBXFrameworksBuildPhase section */
		3C9BA0E122C5C57600593F7C /* Frameworks */ = {
			isa = PBXFrameworksBuildPhase;
			buildActionMask = 2147483647;
			files = (
			);
			runOnlyForDeploymentPostprocessing = 0;
		};
/* End PBXFrameworksBuildPhase section */

/* Begin PBXGroup section */
		3C9BA0DB22C5C57600593F7C = {
			isa = PBXGroup;
			children = (
				3C9BA0E622C5C57600593F7C /* Checklist */,
				3C9BA0E522C5C57600593F7C /* Products */,
			);
			sourceTree = "<group>";
		};
		3C9BA0E522C5C57600593F7C /* Products */ = {
			isa = PBXGroup;
			children = (
				3C9BA0E422C5C57600593F7C /* Checklist.app */,
			);
			name = Products;
			sourceTree = "<group>";
		};
		3C9BA0E622C5C57600593F7C /* Checklist */ = {
			isa = PBXGroup;
			children = (
				3C9BA0E722C5C57600593F7C /* AppDelegate.swift */,
				3C9BA0E922C5C57600593F7C /* ChecklistViewController.swift */,
				3CAF05A222E0FCF000ADD766 /* CheckListTableViewCell.swift */,
				3C9BA0EB22C5C57600593F7C /* Main.storyboard */,
				3C9BA0EE22C5C57700593F7C /* Assets.xcassets */,
				3C9BA0F022C5C57700593F7C /* LaunchScreen.storyboard */,
				3C9BA0F322C5C57700593F7C /* Info.plist */,
				3CAFF73122D8F94600AF1422 /* Checklistitem.swift */,
				3CAFF73322D903BC00AF1422 /* TodoList.swift */,
				3CAFF73522DD49DA00AF1422 /* ItemDetailViewController.swift */,
			);
			path = Checklist;
			sourceTree = "<group>";
		};
/* End PBXGroup section */

/* Begin PBXNativeTarget section */
		3C9BA0E322C5C57600593F7C /* Checklist */ = {
			isa = PBXNativeTarget;
			buildConfigurationList = 3C9BA0F622C5C57700593F7C /* Build configuration list for PBXNativeTarget "Checklist" */;
			buildPhases = (
				3C9BA0E022C5C57600593F7C /* Sources */,
				3C9BA0E122C5C57600593F7C /* Frameworks */,
				3C9BA0E222C5C57600593F7C /* Resources */,
			);
			buildRules = (
			);
			dependencies = (
			);
			name = Checklist;
			productName = Checklist;
			productReference = 3C9BA0E422C5C57600593F7C /* Checklist.app */;
			productType = "com.apple.product-type.application";
		};
/* End PBXNativeTarget section */

/* Begin PBXProject section */
		3C9BA0DC22C5C57600593F7C /* Project object */ = {
			isa = PBXProject;
			attributes = {
				LastSwiftUpdateCheck = 1020;
				LastUpgradeCheck = 1020;
				ORGANIZATIONNAME = "Yakeem Noel";
				TargetAttributes = {
					3C9BA0E322C5C57600593F7C = {
						CreatedOnToolsVersion = 10.2.1;
					};
				};
			};
			buildConfigurationList = 3C9BA0DF22C5C57600593F7C /* Build configuration list for PBXProject "Checklist" */;
			compatibilityVersion = "Xcode 9.3";
			developmentRegion = en;
			hasScannedForEncodings = 0;
			knownRegions = (
				en,
				Base,
			);
			mainGroup = 3C9BA0DB22C5C57600593F7C;
			productRefGroup = 3C9BA0E522C5C57600593F7C /* Products */;
			projectDirPath = "";
			projectRoot = "";
			targets = (
				3C9BA0E322C5C57600593F7C /* Checklist */,
			);
		};
/* End PBXProject section */

/* Begin PBXResourcesBuildPhase section */
		3C9BA0E222C5C57600593F7C /* Resources */ = {
			isa = PBXResourcesBuildPhase;
			buildActionMask = 2147483647;
			files = (
				3C9BA0F222C5C57700593F7C /* LaunchScreen.storyboard in Resources */,
				3C9BA0EF22C5C57700593F7C /* Assets.xcassets in Resources */,
				3C9BA0ED22C5C57600593F7C /* Main.storyboard in Resources */,
			);
			runOnlyForDeploymentPostprocessing = 0;
		};
/* End PBXResourcesBuildPhase section */

/* Begin PBXSourcesBuildPhase section */
		3C9BA0E022C5C57600593F7C /* Sources */ = {
			isa = PBXSourcesBuildPhase;
			buildActionMask = 2147483647;
			files = (
				3CAF05A322E0FCF000ADD766 /* CheckListTableViewCell.swift in Sources */,
				3C9BA0EA22C5C57600593F7C /* ChecklistViewController.swift in Sources */,
				3CAFF73622DD49DA00AF1422 /* ItemDetailViewController.swift in Sources */,
				3CAFF73222D8F94600AF1422 /* Checklistitem.swift in Sources */,
				3C9BA0E822C5C57600593F7C /* AppDelegate.swift in Sources */,
				3CAFF73422D903BC00AF1422 /* TodoList.swift in Sources */,
			);
			runOnlyForDeploymentPostprocessing = 0;
		};
/* End PBXSourcesBuildPhase section */

/* Begin PBXVariantGroup section */
		3C9BA0EB22C5C57600593F7C /* Main.storyboard */ = {
			isa = PBXVariantGroup;
			children = (
				3C9BA0EC22C5C57600593F7C /* Base */,
			);
			name = Main.storyboard;
			sourceTree = "<group>";
		};
		3C9BA0F022C5C57700593F7C /* LaunchScreen.storyboard */ = {
			isa = PBXVariantGroup;
			children = (
				3C9BA0F122C5C57700593F7C /* Base */,
			);
			name = LaunchScreen.storyboard;
			sourceTree = "<group>";
		};
/* End PBXVariantGroup section */

/* Begin XCBuildConfiguration section */
		3C9BA0F422C5C57700593F7C /* Debug */ = {
			isa = XCBuildConfiguration;
			buildSettings = {
				ALWAYS_SEARCH_USER_PATHS = NO;
				CLANG_ANALYZER_NONNULL = YES;
				CLANG_ANALYZER_NUMBER_OBJECT_CONVERSION = YES_AGGRESSIVE;
				CLANG_CXX_LANGUAGE_STANDARD = "gnu++14";
				CLANG_CXX_LIBRARY = "libc++";
				CLANG_ENABLE_MODULES = YES;
				CLANG_ENABLE_OBJC_ARC = YES;
				CLANG_ENABLE_OBJC_WEAK = YES;
				CLANG_WARN_BLOCK_CAPTURE_AUTORELEASING = YES;
				CLANG_WARN_BOOL_CONVERSION = YES;
				CLANG_WARN_COMMA = YES;
				CLANG_WARN_CONSTANT_CONVERSION = YES;
				CLANG_WARN_DEPRECATED_OBJC_IMPLEMENTATIONS = YES;
				CLANG_WARN_DIRECT_OBJC_ISA_USAGE = YES_ERROR;
				CLANG_WARN_DOCUMENTATION_COMMENTS = YES;
				CLANG_WARN_EMPTY_BODY = YES;
				CLANG_WARN_ENUM_CONVERSION = YES;
				CLANG_WARN_INFINITE_RECURSION = YES;
				CLANG_WARN_INT_CONVERSION = YES;
				CLANG_WARN_NON_LITERAL_NULL_CONVERSION = YES;
				CLANG_WARN_OBJC_IMPLICIT_RETAIN_SELF = YES;
				CLANG_WARN_OBJC_LITERAL_CONVERSION = YES;
				CLANG_WARN_OBJC_ROOT_CLASS = YES_ERROR;
				CLANG_WARN_RANGE_LOOP_ANALYSIS = YES;
				CLANG_WARN_STRICT_PROTOTYPES = YES;
				CLANG_WARN_SUSPICIOUS_MOVE = YES;
				CLANG_WARN_UNGUARDED_AVAILABILITY = YES_AGGRESSIVE;
				CLANG_WARN_UNREACHABLE_CODE = YES;
				CLANG_WARN__DUPLICATE_METHOD_MATCH = YES;
				CODE_SIGN_IDENTITY = "iPhone Developer";
				COPY_PHASE_STRIP = NO;
				DEBUG_INFORMATION_FORMAT = dwarf;
				ENABLE_STRICT_OBJC_MSGSEND = YES;
				ENABLE_TESTABILITY = YES;
				GCC_C_LANGUAGE_STANDARD = gnu11;
				GCC_DYNAMIC_NO_PIC = NO;
				GCC_NO_COMMON_BLOCKS = YES;
				GCC_OPTIMIZATION_LEVEL = 0;
				GCC_PREPROCESSOR_DEFINITIONS = (
					"DEBUG=1",
					"$(inherited)",
				);
				GCC_WARN_64_TO_32_BIT_CONVERSION = YES;
				GCC_WARN_ABOUT_RETURN_TYPE = YES_ERROR;
				GCC_WARN_UNDECLARED_SELECTOR = YES;
				GCC_WARN_UNINITIALIZED_AUTOS = YES_AGGRESSIVE;
				GCC_WARN_UNUSED_FUNCTION = YES;
				GCC_WARN_UNUSED_VARIABLE = YES;
				IPHONEOS_DEPLOYMENT_TARGET = 12.2;
				MTL_ENABLE_DEBUG_INFO = INCLUDE_SOURCE;
				MTL_FAST_MATH = YES;
				ONLY_ACTIVE_ARCH = YES;
				SDKROOT = iphoneos;
				SWIFT_ACTIVE_COMPILATION_CONDITIONS = DEBUG;
				SWIFT_OPTIMIZATION_LEVEL = "-Onone";
			};
			name = Debug;
		};
		3C9BA0F522C5C57700593F7C /* Release */ = {
			isa = XCBuildConfiguration;
			buildSettings = {
				ALWAYS_SEARCH_USER_PATHS = NO;
				CLANG_ANALYZER_NONNULL = YES;
				CLANG_ANALYZER_NUMBER_OBJECT_CONVERSION = YES_AGGRESSIVE;
				CLANG_CXX_LANGUAGE_STANDARD = "gnu++14";
				CLANG_CXX_LIBRARY = "libc++";
				CLANG_ENABLE_MODULES = YES;
				CLANG_ENABLE_OBJC_ARC = YES;
				CLANG_ENABLE_OBJC_WEAK = YES;
				CLANG_WARN_BLOCK_CAPTURE_AUTORELEASING = YES;
				CLANG_WARN_BOOL_CONVERSION = YES;
				CLANG_WARN_COMMA = YES;
				CLANG_WARN_CONSTANT_CONVERSION = YES;
				CLANG_WARN_DEPRECATED_OBJC_IMPLEMENTATIONS = YES;
				CLANG_WARN_DIRECT_OBJC_ISA_USAGE = YES_ERROR;
				CLANG_WARN_DOCUMENTATION_COMMENTS = YES;
				CLANG_WARN_EMPTY_BODY = YES;
				CLANG_WARN_ENUM_CONVERSION = YES;
				CLANG_WARN_INFINITE_RECURSION = YES;
				CLANG_WARN_INT_CONVERSION = YES;
				CLANG_WARN_NON_LITERAL_NULL_CONVERSION = YES;
				CLANG_WARN_OBJC_IMPLICIT_RETAIN_SELF = YES;
				CLANG_WARN_OBJC_LITERAL_CONVERSION = YES;
				CLANG_WARN_OBJC_ROOT_CLASS = YES_ERROR;
				CLANG_WARN_RANGE_LOOP_ANALYSIS = YES;
				CLANG_WARN_STRICT_PROTOTYPES = YES;
				CLANG_WARN_SUSPICIOUS_MOVE = YES;
				CLANG_WARN_UNGUARDED_AVAILABILITY = YES_AGGRESSIVE;
				CLANG_WARN_UNREACHABLE_CODE = YES;
				CLANG_WARN__DUPLICATE_METHOD_MATCH = YES;
				CODE_SIGN_IDENTITY = "iPhone Developer";
				COPY_PHASE_STRIP = NO;
				DEBUG_INFORMATION_FORMAT = "dwarf-with-dsym";
				ENABLE_NS_ASSERTIONS = NO;
				ENABLE_STRICT_OBJC_MSGSEND = YES;
				GCC_C_LANGUAGE_STANDARD = gnu11;
				GCC_NO_COMMON_BLOCKS = YES;
				GCC_WARN_64_TO_32_BIT_CONVERSION = YES;
				GCC_WARN_ABOUT_RETURN_TYPE = YES_ERROR;
				GCC_WARN_UNDECLARED_SELECTOR = YES;
				GCC_WARN_UNINITIALIZED_AUTOS = YES_AGGRESSIVE;
				GCC_WARN_UNUSED_FUNCTION = YES;
				GCC_WARN_UNUSED_VARIABLE = YES;
				IPHONEOS_DEPLOYMENT_TARGET = 12.2;
				MTL_ENABLE_DEBUG_INFO = NO;
				MTL_FAST_MATH = YES;
				SDKROOT = iphoneos;
				SWIFT_COMPILATION_MODE = wholemodule;
				SWIFT_OPTIMIZATION_LEVEL = "-O";
				VALIDATE_PRODUCT = YES;
			};
			name = Release;
		};
		3C9BA0F722C5C57700593F7C /* Debug */ = {
			isa = XCBuildConfiguration;
			buildSettings = {
				ASSETCATALOG_COMPILER_APPICON_NAME = AppIcon;
				CODE_SIGN_STYLE = Automatic;
				DEVELOPMENT_TEAM = MF47XZGC5R;
				INFOPLIST_FILE = Checklist/Info.plist;
				LD_RUNPATH_SEARCH_PATHS = (
					"$(inherited)",
					"@executable_path/Frameworks",
				);
				PRODUCT_BUNDLE_IDENTIFIER = com.yakeemnoel.Checklist;
				PRODUCT_NAME = "$(TARGET_NAME)";
				SWIFT_VERSION = 5.0;
				TARGETED_DEVICE_FAMILY = "1,2";
			};
			name = Debug;
		};
		3C9BA0F822C5C57700593F7C /* Release */ = {
			isa = XCBuildConfiguration;
			buildSettings = {
				ASSETCATALOG_COMPILER_APPICON_NAME = AppIcon;
				CODE_SIGN_STYLE = Automatic;
				DEVELOPMENT_TEAM = MF47XZGC5R;
				INFOPLIST_FILE = Checklist/Info.plist;
				LD_RUNPATH_SEARCH_PATHS = (
					"$(inherited)",
					"@executable_path/Frameworks",
				);
				PRODUCT_BUNDLE_IDENTIFIER = com.yakeemnoel.Checklist;
				PRODUCT_NAME = "$(TARGET_NAME)";
				SWIFT_VERSION = 5.0;
				TARGETED_DEVICE_FAMILY = "1,2";
			};
			name = Release;
		};
/* End XCBuildConfiguration section */

/* Begin XCConfigurationList section */
		3C9BA0DF22C5C57600593F7C /* Build configuration list for PBXProject "Checklist" */ = {
			isa = XCConfigurationList;
			buildConfigurations = (
				3C9BA0F422C5C57700593F7C /* Debug */,
				3C9BA0F522C5C57700593F7C /* Release */,
			);
			defaultConfigurationIsVisible = 0;
			defaultConfigurationName = Release;
		};
		3C9BA0F622C5C57700593F7C /* Build configuration list for PBXNativeTarget "Checklist" */ = {
			isa = XCConfigurationList;
			buildConfigurations = (
				3C9BA0F722C5C57700593F7C /* Debug */,
				3C9BA0F822C5C57700593F7C /* Release */,
			);
			defaultConfigurationIsVisible = 0;
			defaultConfigurationName = Release;
		};
/* End XCConfigurationList section */
	};
	rootObject = 3C9BA0DC22C5C57600593F7C /* Project object */;
}
